{
  "name": "backend-project",
  "version": "1.0.0",
  "lockfileVersion": 3,
  "requires": true,
  "packages": {
    "": {
      "name": "backend-project",
      "version": "1.0.0",
      "license": "ISC",
      "dependencies": {
        "ejson": "^2.2.3"
      }
    },
    "node_modules/ejson": {
      "version": "2.2.3",
      "resolved": "https://registry.npmjs.org/ejson/-/ejson-2.2.3.tgz",
      "integrity": "sha512-hsFvJp6OpGxFRQfBR3PSxFpaPALdHDY+SB3TRbMpLWNhvu8GzLiZutof5+/DFd2QekZo3KyXau75ngdJqQUSrw==",
      "license": "MIT"
    }
  }
}
